
Microsoft Visual Studio Solution File, Format Version 12.00
# Visual Studio Version 16
VisualStudioVersion = 16.0.29318.209
MinimumVisualStudioVersion = 10.0.40219.1
Project("{FAE04EC0-301F-11D3-BF4B-00C04F79EFBC}") = "экзамен консоль", "экзамен консоль\экзамен консоль.csproj", "{B025AC8E-EE40-41A2-99AE-E20D9F138E30}"
EndProject
Global
	GlobalSection(SolutionConfigurationPlatforms) = preSolution
		Debug|Any CPU = Debug|Any CPU
		Release|Any CPU = Release|Any CPU
	EndGlobalSection
	GlobalSection(ProjectConfigurationPlatforms) = postSolution
		{B025AC8E-EE40-41A2-99AE-E20D9F138E30}.Debug|Any CPU.ActiveCfg = Debug|Any CPU
		{B025AC8E-EE40-41A2-99AE-E20D9F138E30}.Debug|Any CPU.Build.0 = Debug|Any CPU
		{B025AC8E-EE40-41A2-99AE-E20D9F138E30}.Release|Any CPU.ActiveCfg = Release|Any CPU
		{B025AC8E-EE40-41A2-99AE-E20D9F138E30}.Release|Any CPU.Build.0 = Release|Any CPU
	EndGlobalSection
	GlobalSection(SolutionProperties) = preSolution
		HideSolutionNode = FALSE
	EndGlobalSection
	GlobalSection(ExtensibilityGlobals) = postSolution
		SolutionGuid = {036859A2-0FA9-4BB5-A1EF-A6D5112230F5}
	EndGlobalSection
EndGlobal
